
Microsoft Visual Studio Solution File, Format Version 12.00
# Visual Studio 15
VisualStudioVersion = 15.0.28010.2003
MinimumVisualStudioVersion = 10.0.40219.1
Project("{FAE04EC0-301F-11D3-BF4B-00C04F79EFBC}") = "GuessTheNumber", "GuessTheNumber\GuessTheNumber.csproj", "{6C672A62-387A-4219-87DC-BBB82EB6543D}"
EndProject
Global
	GlobalSection(SolutionConfigurationPlatforms) = preSolution
		Debug|Any CPU = Debug|Any CPU
		Release|Any CPU = Release|Any CPU
	EndGlobalSection
	GlobalSection(ProjectConfigurationPlatforms) = postSolution
		{6C672A62-387A-4219-87DC-BBB82EB6543D}.Debug|Any CPU.ActiveCfg = Debug|Any CPU
		{6C672A62-387A-4219-87DC-BBB82EB6543D}.Debug|Any CPU.Build.0 = Debug|Any CPU
		{6C672A62-387A-4219-87DC-BBB82EB6543D}.Release|Any CPU.ActiveCfg = Release|Any CPU
		{6C672A62-387A-4219-87DC-BBB82EB6543D}.Release|Any CPU.Build.0 = Release|Any CPU
	EndGlobalSection
	GlobalSection(SolutionProperties) = preSolution
		HideSolutionNode = FALSE
	EndGlobalSection
	GlobalSection(ExtensibilityGlobals) = postSolution
		SolutionGuid = {3B85BAF5-AB2B-4448-A82C-E12038FF712D}
	EndGlobalSection
EndGlobal
